// !$*UTF8*$!
{
	archiveVersion = 1;
	classes = {
	};
	objectVersion = 46;
	objects = {

/* Begin PBXBuildFile section */
		AC96A076394115545BBBA1C0 /* Foundation.framework in Frameworks */ = {isa = PBXBuildFile; fileRef = AC96A6330EB0C89636F3FF7F /* Foundation.framework */; };
		AC96A123E09A58757F090E14 /* CoreGraphics.framework in Frameworks */ = {isa = PBXBuildFile; fileRef = AC96AB9195B9DFAC548C16B9 /* CoreGraphics.framework */; };
		AC96A1D242AF75E0A2E22E8B /* YNAppDelegate.m in Sources */ = {isa = PBXBuildFile; fileRef = AC96A153FA21248FB1235073 /* YNAppDelegate.m */; };
		AC96A2B16D08E868CA319A92 /* InfoPlist.strings in Resources */ = {isa = PBXBuildFile; fileRef = AC96AA14D16148E132995ACE /* InfoPlist.strings */; };
		AC96A3900DB910FDB076CDEA /* UIKit.framework in Frameworks */ = {isa = PBXBuildFile; fileRef = AC96AD0321716CD8EA3E44C8 /* UIKit.framework */; };
		AC96A43E9F16D6B5E234F815 /* Images.xcassets in Resources */ = {isa = PBXBuildFile; fileRef = AC96ABC3C79C7B15A4EB69E2 /* Images.xcassets */; };
		AC96A4565CF7D42907120462 /* SegmentfaultCopycat.xcdatamodeld in Sources */ = {isa = PBXBuildFile; fileRef = AC96A490956EE898A45C0BBF /* SegmentfaultCopycat.xcdatamodeld */; };
		AC96A7D8467600073E977A84 /* InfoPlist.strings in Resources */ = {isa = PBXBuildFile; fileRef = AC96A3D3503BF3C265E963C7 /* InfoPlist.strings */; };
		AC96A7DF4218AD13BC936D40 /* UIKit.framework in Frameworks */ = {isa = PBXBuildFile; fileRef = AC96AD0321716CD8EA3E44C8 /* UIKit.framework */; };
		AC96A8E9F14B4EDB2E5E56A5 /* Foundation.framework in Frameworks */ = {isa = PBXBuildFile; fileRef = AC96A6330EB0C89636F3FF7F /* Foundation.framework */; };
		AC96A9E1D02E041DB2F0093E /* main.m in Sources */ = {isa = PBXBuildFile; fileRef = AC96A5CD4BF9B584F5ABE7B4 /* main.m */; };
		AC96AC59481406EE634F8690 /* SegmentfaultCopycatTests.m in Sources */ = {isa = PBXBuildFile; fileRef = AC96A5DB54C64ABACF07BFF8 /* SegmentfaultCopycatTests.m */; };
		AC96ACE9A73879A263F698C4 /* XCTest.framework in Frameworks */ = {isa = PBXBuildFile; fileRef = AC96AE7C2D40821515DB2C5D /* XCTest.framework */; };
		AC96AD620452C419D3287AA4 /* CoreData.framework in Frameworks */ = {isa = PBXBuildFile; fileRef = AC96A6B64B4BC4169BE04022 /* CoreData.framework */; };
		AC96AE1B55F6F928615784FE /* CoreData.framework in Frameworks */ = {isa = PBXBuildFile; fileRef = AC96A6B64B4BC4169BE04022 /* CoreData.framework */; };
/* End PBXBuildFile section */

/* Begin PBXContainerItemProxy section */
		AC96A96DDFDB7D83ADF06205 /* PBXContainerItemProxy */ = {
			isa = PBXContainerItemProxy;
			containerPortal = AC96A1DD9F5ADF5869E17F1E /* Project object */;
			proxyType = 1;
			remoteGlobalIDString = AC96A53DF21EE67D01B26B63;
			remoteInfo = SegmentfaultCopycat;
		};
/* End PBXContainerItemProxy section */

/* Begin PBXFileReference section */
		AC96A153FA21248FB1235073 /* YNAppDelegate.m */ = {isa = PBXFileReference; lastKnownFileType = sourcecode.c.objc; path = YNAppDelegate.m; sourceTree = "<group>"; };
		AC96A257B306FFD5E467B2DB /* SegmentfaultCopycatTests.xctest */ = {isa = PBXFileReference; explicitFileType = wrapper.cfbundle; includeInIndex = 0; path = SegmentfaultCopycatTests.xctest; sourceTree = BUILT_PRODUCTS_DIR; };
		AC96A279DA0F0B0A1D61B439 /* SegmentfaultCopycat-Prefix.pch */ = {isa = PBXFileReference; lastKnownFileType = sourcecode.c.h; path = "SegmentfaultCopycat-Prefix.pch"; sourceTree = "<group>"; };
		AC96A4A1B3C2616BC218EF2A /* SegmentfaultCopycat-Info.plist */ = {isa = PBXFileReference; lastKnownFileType = text.plist.info; path = "SegmentfaultCopycat-Info.plist"; sourceTree = "<group>"; };
		AC96A5CD4BF9B584F5ABE7B4 /* main.m */ = {isa = PBXFileReference; lastKnownFileType = sourcecode.c.objc; path = main.m; sourceTree = "<group>"; };
		AC96A5DB54C64ABACF07BFF8 /* SegmentfaultCopycatTests.m */ = {isa = PBXFileReference; lastKnownFileType = sourcecode.c.objc; path = SegmentfaultCopycatTests.m; sourceTree = "<group>"; };
		AC96A6330EB0C89636F3FF7F /* Foundation.framework */ = {isa = PBXFileReference; lastKnownFileType = wrapper.framework; name = Foundation.framework; path = System/Library/Frameworks/Foundation.framework; sourceTree = SDKROOT; };
		AC96A6B64B4BC4169BE04022 /* CoreData.framework */ = {isa = PBXFileReference; lastKnownFileType = wrapper.framework; name = CoreData.framework; path = System/Library/Frameworks/CoreData.framework; sourceTree = SDKROOT; };
		AC96A9EBD474435386A6CFCB /* SegmentfaultCopycat.app */ = {isa = PBXFileReference; explicitFileType = wrapper.application; includeInIndex = 0; path = SegmentfaultCopycat.app; sourceTree = BUILT_PRODUCTS_DIR; };
		AC96AA915B0F6B06B1E9BCE1 /* SegmentfaultCopycat.xcdatamodel */ = {isa = PBXFileReference; lastKnownFileType = wrapper.xcdatamodel; path = SegmentfaultCopycat.xcdatamodel; sourceTree = "<group>"; };
		AC96AB9195B9DFAC548C16B9 /* CoreGraphics.framework */ = {isa = PBXFileReference; lastKnownFileType = wrapper.framework; name = CoreGraphics.framework; path = System/Library/Frameworks/CoreGraphics.framework; sourceTree = SDKROOT; };
		AC96ABC3C79C7B15A4EB69E2 /* Images.xcassets */ = {isa = PBXFileReference; lastKnownFileType = folder.assetcatalog; path = Images.xcassets; sourceTree = "<group>"; };
		AC96AC47D4B099D27CFDFA0E /* SegmentfaultCopycatTests-Info.plist */ = {isa = PBXFileReference; lastKnownFileType = text.plist.info; path = "SegmentfaultCopycatTests-Info.plist"; sourceTree = "<group>"; };
		AC96AD0321716CD8EA3E44C8 /* UIKit.framework */ = {isa = PBXFileReference; lastKnownFileType = wrapper.framework; name = UIKit.framework; path = System/Library/Frameworks/UIKit.framework; sourceTree = SDKROOT; };
		AC96ADCEB4E167C5B25B804A /* en */ = {isa = PBXFileReference; lastKnownFileType = text.plist.strings; name = en; path = en.lproj/InfoPlist.strings; sourceTree = "<group>"; };
		AC96ADF2E2DE350662C0FCE9 /* en */ = {isa = PBXFileReference; lastKnownFileType = text.plist.strings; name = en; path = en.lproj/InfoPlist.strings; sourceTree = "<group>"; };
		AC96AE1A051B5FD1E0CC0B1A /* YNAppDelegate.h */ = {isa = PBXFileReference; lastKnownFileType = sourcecode.c.h; path = YNAppDelegate.h; sourceTree = "<group>"; };
		AC96AE7C2D40821515DB2C5D /* XCTest.framework */ = {isa = PBXFileReference; lastKnownFileType = wrapper.framework; name = XCTest.framework; path = Library/Frameworks/XCTest.framework; sourceTree = DEVELOPER_DIR; };
/* End PBXFileReference section */

/* Begin PBXFrameworksBuildPhase section */
		AC96A177075FDEE8BA6EBE96 /* Frameworks */ = {
			isa = PBXFrameworksBuildPhase;
			buildActionMask = 2147483647;
			files = (
				AC96ACE9A73879A263F698C4 /* XCTest.framework in Frameworks */,
				AC96A076394115545BBBA1C0 /* Foundation.framework in Frameworks */,
				AC96A3900DB910FDB076CDEA /* UIKit.framework in Frameworks */,
				AC96AD620452C419D3287AA4 /* CoreData.framework in Frameworks */,
			);
			runOnlyForDeploymentPostprocessing = 0;
		};
		AC96ADC7D0566A5CAE1917FA /* Frameworks */ = {
			isa = PBXFrameworksBuildPhase;
			buildActionMask = 2147483647;
			files = (
				AC96A8E9F14B4EDB2E5E56A5 /* Foundation.framework in Frameworks */,
				AC96A123E09A58757F090E14 /* CoreGraphics.framework in Frameworks */,
				AC96A7DF4218AD13BC936D40 /* UIKit.framework in Frameworks */,
				AC96AE1B55F6F928615784FE /* CoreData.framework in Frameworks */,
			);
			runOnlyForDeploymentPostprocessing = 0;
		};
/* End PBXFrameworksBuildPhase section */

/* Begin PBXGroup section */
		AC96A025B53D66E1E7F7E425 /* SegmentfaultCopycat */ = {
			isa = PBXGroup;
			children = (
				AC96A41174E0DACB3C0600C7 /* Supporting Files */,
				AC96AE1A051B5FD1E0CC0B1A /* YNAppDelegate.h */,
				AC96A153FA21248FB1235073 /* YNAppDelegate.m */,
				AC96ABC3C79C7B15A4EB69E2 /* Images.xcassets */,
				AC96A490956EE898A45C0BBF /* SegmentfaultCopycat.xcdatamodeld */,
			);
			path = SegmentfaultCopycat;
			sourceTree = "<group>";
		};
		AC96A41174E0DACB3C0600C7 /* Supporting Files */ = {
			isa = PBXGroup;
			children = (
				AC96A4A1B3C2616BC218EF2A /* SegmentfaultCopycat-Info.plist */,
				AC96A3D3503BF3C265E963C7 /* InfoPlist.strings */,
				AC96A5CD4BF9B584F5ABE7B4 /* main.m */,
				AC96A279DA0F0B0A1D61B439 /* SegmentfaultCopycat-Prefix.pch */,
			);
			name = "Supporting Files";
			sourceTree = "<group>";
		};
		AC96A420330F8DEDF1992F28 /* Frameworks */ = {
			isa = PBXGroup;
			children = (
				AC96A6330EB0C89636F3FF7F /* Foundation.framework */,
				AC96AB9195B9DFAC548C16B9 /* CoreGraphics.framework */,
				AC96AD0321716CD8EA3E44C8 /* UIKit.framework */,
				AC96A6B64B4BC4169BE04022 /* CoreData.framework */,
				AC96AE7C2D40821515DB2C5D /* XCTest.framework */,
			);
			name = Frameworks;
			sourceTree = "<group>";
		};
		AC96A7894977209A3ED5C4C3 /* Supporting Files */ = {
			isa = PBXGroup;
			children = (
				AC96AC47D4B099D27CFDFA0E /* SegmentfaultCopycatTests-Info.plist */,
				AC96AA14D16148E132995ACE /* InfoPlist.strings */,
			);
			name = "Supporting Files";
			sourceTree = "<group>";
		};
		AC96AD3D9F847ABA62396CC3 /* Products */ = {
			isa = PBXGroup;
			children = (
				AC96A9EBD474435386A6CFCB /* SegmentfaultCopycat.app */,
				AC96A257B306FFD5E467B2DB /* SegmentfaultCopycatTests.xctest */,
			);
			name = Products;
			sourceTree = "<group>";
		};
		AC96AD6736DB3A2ADFFB8059 /* SegmentfaultCopycatTests */ = {
			isa = PBXGroup;
			children = (
				AC96A7894977209A3ED5C4C3 /* Supporting Files */,
				AC96A5DB54C64ABACF07BFF8 /* SegmentfaultCopycatTests.m */,
			);
			path = SegmentfaultCopycatTests;
			sourceTree = "<group>";
		};
		AC96AE8682D626B28C2E9836 = {
			isa = PBXGroup;
			children = (
				AC96AD3D9F847ABA62396CC3 /* Products */,
				AC96A420330F8DEDF1992F28 /* Frameworks */,
				AC96A025B53D66E1E7F7E425 /* SegmentfaultCopycat */,
				AC96AD6736DB3A2ADFFB8059 /* SegmentfaultCopycatTests */,
			);
			sourceTree = "<group>";
		};
/* End PBXGroup section */

/* Begin PBXNativeTarget section */
		AC96A53DF21EE67D01B26B63 /* SegmentfaultCopycat */ = {
			isa = PBXNativeTarget;
			buildConfigurationList = AC96A81AB5F9F07986060287 /* Build configuration list for PBXNativeTarget "SegmentfaultCopycat" */;
			buildPhases = (
				AC96AABC2B53CC6C1EB56BDC /* Sources */,
				AC96ADC7D0566A5CAE1917FA /* Frameworks */,
				AC96A2196C80D843796EC1FC /* Resources */,
			);
			buildRules = (
			);
			dependencies = (
			);
			name = SegmentfaultCopycat;
			productName = SegmentfaultCopycat;
			productReference = AC96A9EBD474435386A6CFCB /* SegmentfaultCopycat.app */;
			productType = "com.apple.product-type.application";
		};
		AC96A8397C408D2195DE9AAC /* SegmentfaultCopycatTests */ = {
			isa = PBXNativeTarget;
			buildConfigurationList = AC96A6D62FC75A7A92E18D38 /* Build configuration list for PBXNativeTarget "SegmentfaultCopycatTests" */;
			buildPhases = (
				AC96A6E2A5030291932DD876 /* Sources */,
				AC96A177075FDEE8BA6EBE96 /* Frameworks */,
				AC96A60B08A4FBF7CE85083D /* Resources */,
			);
			buildRules = (
			);
			dependencies = (
				AC96A77C8D1C034751EA04BC /* PBXTargetDependency */,
			);
			name = SegmentfaultCopycatTests;
			productName = SegmentfaultCopycatTests;
			productReference = AC96A257B306FFD5E467B2DB /* SegmentfaultCopycatTests.xctest */;
			productType = "com.apple.product-type.bundle.unit-test";
		};
/* End PBXNativeTarget section */

/* Begin PBXProject section */
		AC96A1DD9F5ADF5869E17F1E /* Project object */ = {
			isa = PBXProject;
			attributes = {
				ORGANIZATIONNAME = "___zzxhdzj___";
			};
			buildConfigurationList = AC96AF1908B49156B7948109 /* Build configuration list for PBXProject "SegmentfaultCopycat" */;
			compatibilityVersion = "Xcode 3.2";
			developmentRegion = English;
			hasScannedForEncodings = 0;
			knownRegions = (
				en,
			);
			mainGroup = AC96AE8682D626B28C2E9836;
			productRefGroup = AC96AD3D9F847ABA62396CC3 /* Products */;
			projectDirPath = "";
			projectRoot = "";
			targets = (
				AC96A53DF21EE67D01B26B63 /* SegmentfaultCopycat */,
				AC96A8397C408D2195DE9AAC /* SegmentfaultCopycatTests */,
			);
		};
/* End PBXProject section */

/* Begin PBXResourcesBuildPhase section */
		AC96A2196C80D843796EC1FC /* Resources */ = {
			isa = PBXResourcesBuildPhase;
			buildActionMask = 2147483647;
			files = (
				AC96A7D8467600073E977A84 /* InfoPlist.strings in Resources */,
				AC96A43E9F16D6B5E234F815 /* Images.xcassets in Resources */,
			);
			runOnlyForDeploymentPostprocessing = 0;
		};
		AC96A60B08A4FBF7CE85083D /* Resources */ = {
			isa = PBXResourcesBuildPhase;
			buildActionMask = 2147483647;
			files = (
				AC96A2B16D08E868CA319A92 /* InfoPlist.strings in Resources */,
			);
			runOnlyForDeploymentPostprocessing = 0;
		};
/* End PBXResourcesBuildPhase section */

/* Begin PBXSourcesBuildPhase section */
		AC96A6E2A5030291932DD876 /* Sources */ = {
			isa = PBXSourcesBuildPhase;
			buildActionMask = 2147483647;
			files = (
				AC96AC59481406EE634F8690 /* SegmentfaultCopycatTests.m in Sources */,
			);
			runOnlyForDeploymentPostprocessing = 0;
		};
		AC96AABC2B53CC6C1EB56BDC /* Sources */ = {
			isa = PBXSourcesBuildPhase;
			buildActionMask = 2147483647;
			files = (
				AC96A9E1D02E041DB2F0093E /* main.m in Sources */,
				AC96A1D242AF75E0A2E22E8B /* YNAppDelegate.m in Sources */,
				AC96A4565CF7D42907120462 /* SegmentfaultCopycat.xcdatamodeld in Sources */,
			);
			runOnlyForDeploymentPostprocessing = 0;
		};
/* End PBXSourcesBuildPhase section */

/* Begin PBXTargetDependency section */
		AC96A77C8D1C034751EA04BC /* PBXTargetDependency */ = {
			isa = PBXTargetDependency;
			target = AC96A53DF21EE67D01B26B63 /* SegmentfaultCopycat */;
			targetProxy = AC96A96DDFDB7D83ADF06205 /* PBXContainerItemProxy */;
		};
/* End PBXTargetDependency section */

/* Begin PBXVariantGroup section */
		AC96A3D3503BF3C265E963C7 /* InfoPlist.strings */ = {
			isa = PBXVariantGroup;
			children = (
				AC96ADF2E2DE350662C0FCE9 /* en */,
			);
			name = InfoPlist.strings;
			sourceTree = "<group>";
		};
		AC96AA14D16148E132995ACE /* InfoPlist.strings */ = {
			isa = PBXVariantGroup;
			children = (
				AC96ADCEB4E167C5B25B804A /* en */,
			);
			name = InfoPlist.strings;
			sourceTree = "<group>";
		};
/* End PBXVariantGroup section */

/* Begin XCBuildConfiguration section */
		AC96A1D39A8C7547ADD05A5E /* Release */ = {
			isa = XCBuildConfiguration;
			buildSettings = {
				ASSETCATALOG_COMPILER_APPICON_NAME = AppIcon;
				ASSETCATALOG_COMPILER_LAUNCHIMAGE_NAME = LaunchImage;
				GCC_PRECOMPILE_PREFIX_HEADER = YES;
				GCC_PREFIX_HEADER = "SegmentfaultCopycat/SegmentfaultCopycat-Prefix.pch";
				INFOPLIST_FILE = "SegmentfaultCopycat/SegmentfaultCopycat-Info.plist";
				PRODUCT_NAME = "$(TARGET_NAME)";
				WRAPPER_EXTENSION = app;
			};
			name = Release;
		};
		AC96A5455EBA510B4E7672BF /* Release */ = {
			isa = XCBuildConfiguration;
			buildSettings = {
				FRAMEWORK_SEARCH_PATHS = (
					"$(SDKROOT)/Developer/Library/Frameworks",
					"$(inherited)",
				);
				GCC_PRECOMPILE_PREFIX_HEADER = YES;
				GCC_PREFIX_HEADER = "SegmentfaultCopycat/SegmentfaultCopycat-Prefix.pch";
				INFOPLIST_FILE = "SegmentfaultCopycatTests/SegmentfaultCopycatTests-Info.plist";
				PRODUCT_NAME = "$(TARGET_NAME)";
				WRAPPER_EXTENSION = xctest;
			};
			name = Release;
		};
		AC96ABFB9F061B58A656432E /* Debug */ = {
			isa = XCBuildConfiguration;
			buildSettings = {
				ASSETCATALOG_COMPILER_APPICON_NAME = AppIcon;
				ASSETCATALOG_COMPILER_LAUNCHIMAGE_NAME = LaunchImage;
				GCC_PRECOMPILE_PREFIX_HEADER = YES;
				GCC_PREFIX_HEADER = "SegmentfaultCopycat/SegmentfaultCopycat-Prefix.pch";
				INFOPLIST_FILE = "SegmentfaultCopycat/SegmentfaultCopycat-Info.plist";
				PRODUCT_NAME = "$(TARGET_NAME)";
				WRAPPER_EXTENSION = app;
			};
			name = Debug;
		};
		AC96ACE96B93F3697FC478E4 /* Debug */ = {
			isa = XCBuildConfiguration;
			buildSettings = {
				FRAMEWORK_SEARCH_PATHS = (
					"$(SDKROOT)/Developer/Library/Frameworks",
					"$(inherited)",
				);
				GCC_PRECOMPILE_PREFIX_HEADER = YES;
				GCC_PREFIX_HEADER = "SegmentfaultCopycat/SegmentfaultCopycat-Prefix.pch";
				INFOPLIST_FILE = "SegmentfaultCopycatTests/SegmentfaultCopycatTests-Info.plist";
				PRODUCT_NAME = "$(TARGET_NAME)";
				WRAPPER_EXTENSION = xctest;
			};
			name = Debug;
		};
		AC96ADC5F6B52AFAD73BCC2D /* Debug */ = {
			isa = XCBuildConfiguration;
			buildSettings = {
				ALWAYS_SEARCH_USER_PATHS = NO;
				ARCHS = "$(ARCHS_STANDARD_INCLUDING_64_BIT)";
				CLANG_CXX_LANGUAGE_STANDARD = "gnu++0x";
				CLANG_CXX_LIBRARY = "libc++";
				CLANG_ENABLE_MODULES = YES;
				CLANG_ENABLE_OBJC_ARC = YES;
				CLANG_WARN_BOOL_CONVERSION = YES;
				CLANG_WARN_CONSTANT_CONVERSION = YES;
				CLANG_WARN_DIRECT_OBJC_ISA_USAGE = YES_ERROR;
				CLANG_WARN_EMPTY_BODY = YES;
				CLANG_WARN_ENUM_CONVERSION = YES;
				CLANG_WARN_INT_CONVERSION = YES;
				CLANG_WARN_OBJC_ROOT_CLASS = YES_ERROR;
				CLANG_WARN__DUPLICATE_METHOD_MATCH = YES;
				"CODE_SIGN_IDENTITY[sdk=iphoneos*]" = "iPhone Developer";
				COPY_PHASE_STRIP = NO;
				GCC_C_LANGUAGE_STANDARD = gnu99;
				GCC_DYNAMIC_NO_PIC = NO;
				GCC_OPTIMIZATION_LEVEL = 0;
				GCC_PREPROCESSOR_DEFINITIONS = (
					"DEBUG=1",
					"$(inherited)",
				);
				GCC_SYMBOLS_PRIVATE_EXTERN = NO;
				GCC_WARN_64_TO_32_BIT_CONVERSION = YES;
				GCC_WARN_ABOUT_RETURN_TYPE = YES_ERROR;
				GCC_WARN_UNDECLARED_SELECTOR = YES;
				GCC_WARN_UNINITIALIZED_AUTOS = YES;
				GCC_WARN_UNUSED_FUNCTION = YES;
				GCC_WARN_UNUSED_VARIABLE = YES;
				IPHONEOS_DEPLOYMENT_TARGET = 7.0;
				ONLY_ACTIVE_ARCH = YES;
				SDKROOT = iphoneos;
			};
			name = Debug;
		};
		AC96AEBAE556629EA6D82AD2 /* Release */ = {
			isa = XCBuildConfiguration;
			buildSettings = {
				ALWAYS_SEARCH_USER_PATHS = NO;
				ARCHS = "$(ARCHS_STANDARD_INCLUDING_64_BIT)";
				CLANG_CXX_LANGUAGE_STANDARD = "gnu++0x";
				CLANG_CXX_LIBRARY = "libc++";
				CLANG_ENABLE_MODULES = YES;
				CLANG_ENABLE_OBJC_ARC = YES;
				CLANG_WARN_BOOL_CONVERSION = YES;
				CLANG_WARN_CONSTANT_CONVERSION = YES;
				CLANG_WARN_DIRECT_OBJC_ISA_USAGE = YES_ERROR;
				CLANG_WARN_EMPTY_BODY = YES;
				CLANG_WARN_ENUM_CONVERSION = YES;
				CLANG_WARN_INT_CONVERSION = YES;
				CLANG_WARN_OBJC_ROOT_CLASS = YES_ERROR;
				CLANG_WARN__DUPLICATE_METHOD_MATCH = YES;
				"CODE_SIGN_IDENTITY[sdk=iphoneos*]" = "iPhone Developer";
				COPY_PHASE_STRIP = YES;
				ENABLE_NS_ASSERTIONS = NO;
				GCC_C_LANGUAGE_STANDARD = gnu99;
				GCC_WARN_64_TO_32_BIT_CONVERSION = YES;
				GCC_WARN_ABOUT_RETURN_TYPE = YES_ERROR;
				GCC_WARN_UNDECLARED_SELECTOR = YES;
				GCC_WARN_UNINITIALIZED_AUTOS = YES;
				GCC_WARN_UNUSED_FUNCTION = YES;
				GCC_WARN_UNUSED_VARIABLE = YES;
				IPHONEOS_DEPLOYMENT_TARGET = 7.0;
				SDKROOT = iphoneos;
				VALIDATE_PRODUCT = YES;
			};
			name = Release;
		};
/* End XCBuildConfiguration section */

/* Begin XCConfigurationList section */
		AC96A6D62FC75A7A92E18D38 /* Build configuration list for PBXNativeTarget "SegmentfaultCopycatTests" */ = {
			isa = XCConfigurationList;
			buildConfigurations = (
				AC96A5455EBA510B4E7672BF /* Release */,
				AC96ACE96B93F3697FC478E4 /* Debug */,
			);
			defaultConfigurationIsVisible = 0;
		};
		AC96A81AB5F9F07986060287 /* Build configuration list for PBXNativeTarget "SegmentfaultCopycat" */ = {
			isa = XCConfigurationList;
			buildConfigurations = (
				AC96A1D39A8C7547ADD05A5E /* Release */,
				AC96ABFB9F061B58A656432E /* Debug */,
			);
			defaultConfigurationIsVisible = 0;
		};
		AC96AF1908B49156B7948109 /* Build configuration list for PBXProject "SegmentfaultCopycat" */ = {
			isa = XCConfigurationList;
			buildConfigurations = (
				AC96AEBAE556629EA6D82AD2 /* Release */,
				AC96ADC5F6B52AFAD73BCC2D /* Debug */,
			);
			defaultConfigurationIsVisible = 0;
			defaultConfigurationName = Release;
		};
/* End XCConfigurationList section */

/* Begin XCVersionGroup section */
		AC96A490956EE898A45C0BBF /* SegmentfaultCopycat.xcdatamodeld */ = {
			isa = XCVersionGroup;
			children = (
				AC96AA915B0F6B06B1E9BCE1 /* SegmentfaultCopycat.xcdatamodel */,
			);
			currentVersion = AC96AA915B0F6B06B1E9BCE1 /* SegmentfaultCopycat.xcdatamodel */;
			path = SegmentfaultCopycat.xcdatamodeld;
			sourceTree = "<group>";
			versionGroupType = wrapper.xcdatamodel;
		};
/* End XCVersionGroup section */
	};
	rootObject = AC96A1DD9F5ADF5869E17F1E /* Project object */;
}
